Microsoft Visual Studio Solution File, Format Version 12.00
# Visual Studio 15
Project("{8BC9CEB8-8B4A-11D0-8D11-00A0C91BC942}") = "ALL_BUILD", "ALL_BUILD.vcxproj", "{A210F1E6-76EB-32D2-ACDB-93E003F74243}"
	ProjectSection(ProjectDependencies) = postProject
		{E93BBDC1-9B02-3118-A1EA-0735ABF1A624} = {E93BBDC1-9B02-3118-A1EA-0735ABF1A624}
		{6CA286D4-34EC-3824-8AAC-FF25F42EDDA6} = {6CA286D4-34EC-3824-8AAC-FF25F42EDDA6}
		{F054C565-5447-3435-AEEA-8A14F4F0AB21} = {F054C565-5447-3435-AEEA-8A14F4F0AB21}
		{EFB8FAA5-9FDA-37E3-B81D-9309DE25978B} = {EFB8FAA5-9FDA-37E3-B81D-9309DE25978B}
	EndProjectSection
EndProject
Project("{8BC9CEB8-8B4A-11D0-8D11-00A0C91BC942}") = "Client", "Cluster\Client.vcxproj", "{E93BBDC1-9B02-3118-A1EA-0735ABF1A624}"
	ProjectSection(ProjectDependencies) = postProject
		{F054C565-5447-3435-AEEA-8A14F4F0AB21} = {F054C565-5447-3435-AEEA-8A14F4F0AB21}
	EndProjectSection
EndProject
Project("{8BC9CEB8-8B4A-11D0-8D11-00A0C91BC942}") = "Cluster_test", "Cluster_test\Cluster_test.vcxproj", "{6CA286D4-34EC-3824-8AAC-FF25F42EDDA6}"
	ProjectSection(ProjectDependencies) = postProject
		{F054C565-5447-3435-AEEA-8A14F4F0AB21} = {F054C565-5447-3435-AEEA-8A14F4F0AB21}
		{EFB8FAA5-9FDA-37E3-B81D-9309DE25978B} = {EFB8FAA5-9FDA-37E3-B81D-9309DE25978B}
	EndProjectSection
EndProject
Project("{8BC9CEB8-8B4A-11D0-8D11-00A0C91BC942}") = "ZERO_CHECK", "ZERO_CHECK.vcxproj", "{F054C565-5447-3435-AEEA-8A14F4F0AB21}"
	ProjectSection(ProjectDependencies) = postProject
	EndProjectSection
EndProject
Project("{8BC9CEB8-8B4A-11D0-8D11-00A0C91BC942}") = "gtest", "gtest\gtest.vcxproj", "{EFB8FAA5-9FDA-37E3-B81D-9309DE25978B}"
	ProjectSection(ProjectDependencies) = postProject
		{F054C565-5447-3435-AEEA-8A14F4F0AB21} = {F054C565-5447-3435-AEEA-8A14F4F0AB21}
	EndProjectSection
EndProject
Global
	GlobalSection(SolutionConfigurationPlatforms) = preSolution
		Debug|Win32 = Debug|Win32
		Release|Win32 = Release|Win32
		MinSizeRel|Win32 = MinSizeRel|Win32
		RelWithDebInfo|Win32 = RelWithDebInfo|Win32
	EndGlobalSection
	GlobalSection(ProjectConfigurationPlatforms) = postSolution
		{A210F1E6-76EB-32D2-ACDB-93E003F74243}.Debug|Win32.ActiveCfg = Debug|Win32
		{A210F1E6-76EB-32D2-ACDB-93E003F74243}.Release|Win32.ActiveCfg = Release|Win32
		{A210F1E6-76EB-32D2-ACDB-93E003F74243}.MinSizeRel|Win32.ActiveCfg = MinSizeRel|Win32
		{A210F1E6-76EB-32D2-ACDB-93E003F74243}.RelWithDebInfo|Win32.ActiveCfg = RelWithDebInfo|Win32
		{E93BBDC1-9B02-3118-A1EA-0735ABF1A624}.Debug|Win32.ActiveCfg = Debug|Win32
		{E93BBDC1-9B02-3118-A1EA-0735ABF1A624}.Debug|Win32.Build.0 = Debug|Win32
		{E93BBDC1-9B02-3118-A1EA-0735ABF1A624}.Release|Win32.ActiveCfg = Release|Win32
		{E93BBDC1-9B02-3118-A1EA-0735ABF1A624}.Release|Win32.Build.0 = Release|Win32
		{E93BBDC1-9B02-3118-A1EA-0735ABF1A624}.MinSizeRel|Win32.ActiveCfg = MinSizeRel|Win32
		{E93BBDC1-9B02-3118-A1EA-0735ABF1A624}.MinSizeRel|Win32.Build.0 = MinSizeRel|Win32
		{E93BBDC1-9B02-3118-A1EA-0735ABF1A624}.RelWithDebInfo|Win32.ActiveCfg = RelWithDebInfo|Win32
		{E93BBDC1-9B02-3118-A1EA-0735ABF1A624}.RelWithDebInfo|Win32.Build.0 = RelWithDebInfo|Win32
		{6CA286D4-34EC-3824-8AAC-FF25F42EDDA6}.Debug|Win32.ActiveCfg = Debug|Win32
		{6CA286D4-34EC-3824-8AAC-FF25F42EDDA6}.Debug|Win32.Build.0 = Debug|Win32
		{6CA286D4-34EC-3824-8AAC-FF25F42EDDA6}.Release|Win32.ActiveCfg = Release|Win32
		{6CA286D4-34EC-3824-8AAC-FF25F42EDDA6}.Release|Win32.Build.0 = Release|Win32
		{6CA286D4-34EC-3824-8AAC-FF25F42EDDA6}.MinSizeRel|Win32.ActiveCfg = MinSizeRel|Win32
		{6CA286D4-34EC-3824-8AAC-FF25F42EDDA6}.MinSizeRel|Win32.Build.0 = MinSizeRel|Win32
		{6CA286D4-34EC-3824-8AAC-FF25F42EDDA6}.RelWithDebInfo|Win32.ActiveCfg = RelWithDebInfo|Win32
		{6CA286D4-34EC-3824-8AAC-FF25F42EDDA6}.RelWithDebInfo|Win32.Build.0 = RelWithDebInfo|Win32
		{F054C565-5447-3435-AEEA-8A14F4F0AB21}.Debug|Win32.ActiveCfg = Debug|Win32
		{F054C565-5447-3435-AEEA-8A14F4F0AB21}.Debug|Win32.Build.0 = Debug|Win32
		{F054C565-5447-3435-AEEA-8A14F4F0AB21}.Release|Win32.ActiveCfg = Release|Win32
		{F054C565-5447-3435-AEEA-8A14F4F0AB21}.Release|Win32.Build.0 = Release|Win32
		{F054C565-5447-3435-AEEA-8A14F4F0AB21}.MinSizeRel|Win32.ActiveCfg = MinSizeRel|Win32
		{F054C565-5447-3435-AEEA-8A14F4F0AB21}.MinSizeRel|Win32.Build.0 = MinSizeRel|Win32
		{F054C565-5447-3435-AEEA-8A14F4F0AB21}.RelWithDebInfo|Win32.ActiveCfg = RelWithDebInfo|Win32
		{F054C565-5447-3435-AEEA-8A14F4F0AB21}.RelWithDebInfo|Win32.Build.0 = RelWithDebInfo|Win32
		{EFB8FAA5-9FDA-37E3-B81D-9309DE25978B}.Debug|Win32.ActiveCfg = Debug|Win32
		{EFB8FAA5-9FDA-37E3-B81D-9309DE25978B}.Debug|Win32.Build.0 = Debug|Win32
		{EFB8FAA5-9FDA-37E3-B81D-9309DE25978B}.Release|Win32.ActiveCfg = Release|Win32
		{EFB8FAA5-9FDA-37E3-B81D-9309DE25978B}.Release|Win32.Build.0 = Release|Win32
		{EFB8FAA5-9FDA-37E3-B81D-9309DE25978B}.MinSizeRel|Win32.ActiveCfg = MinSizeRel|Win32
		{EFB8FAA5-9FDA-37E3-B81D-9309DE25978B}.MinSizeRel|Win32.Build.0 = MinSizeRel|Win32
		{EFB8FAA5-9FDA-37E3-B81D-9309DE25978B}.RelWithDebInfo|Win32.ActiveCfg = RelWithDebInfo|Win32
		{EFB8FAA5-9FDA-37E3-B81D-9309DE25978B}.RelWithDebInfo|Win32.Build.0 = RelWithDebInfo|Win32
	EndGlobalSection
	GlobalSection(ExtensibilityGlobals) = postSolution
		SolutionGuid = {D2228788-164B-3FAB-AB6D-559F44EEA4E4}
	EndGlobalSection
	GlobalSection(ExtensibilityAddIns) = postSolution
	EndGlobalSection
EndGlobal
